# This file is automatically @generated by Cargo.
# It is not intended for manual editing.
version = 3

[[package]]
name = "restaurant"
version = "0.1.0"
source = "git+https://github.com/andersonlbsoares/restaurant_rust#beb90cbeaf790f27ef125b6f259462e2ec085d7a"

[[package]]
name = "use_restaurant"
version = "0.1.0"
dependencies = [
 "restaurant",
]
